// !$*UTF8*$!
{
	archiveVersion = 1;
	classes = {
	};
	objectVersion = 56;
	objects = {

/* Begin PBXBuildFile section */
		4B3C6075CBBE088A652052A5 /* Pods_StreetLifter.framework in Frameworks */ = {isa = PBXBuildFile; fileRef = 039D711BABADB351AB8F3881 /* Pods_StreetLifter.framework */; };
		AC12428A2B262A46000ED27A /* MainView.swift in Sources */ = {isa = PBXBuildFile; fileRef = AC1242892B262A46000ED27A /* MainView.swift */; };
		AC6B89E72B3C37B900169FB3 /* TrainingProgramData.swift in Sources */ = {isa = PBXBuildFile; fileRef = AC6B89E62B3C37B900169FB3 /* TrainingProgramData.swift */; };
		AC8515A52B3717FC002CFA45 /* ProgramView.swift in Sources */ = {isa = PBXBuildFile; fileRef = AC8515A42B3717FC002CFA45 /* ProgramView.swift */; };
		AC8515A72B382A02002CFA45 /* StreakView.swift in Sources */ = {isa = PBXBuildFile; fileRef = AC8515A62B382A02002CFA45 /* StreakView.swift */; };
		AC8B57562B2C406200BADC48 /* StatsView.swift in Sources */ = {isa = PBXBuildFile; fileRef = AC8B57552B2C406200BADC48 /* StatsView.swift */; };
		AC8B57582B2C439500BADC48 /* StatsChart.swift in Sources */ = {isa = PBXBuildFile; fileRef = AC8B57572B2C439500BADC48 /* StatsChart.swift */; };
		AC8B575C2B2C582700BADC48 /* StatsPageTabView.swift in Sources */ = {isa = PBXBuildFile; fileRef = AC8B575B2B2C582700BADC48 /* StatsPageTabView.swift */; };
		ACB8C4CD2B185C19004B64F4 /* R.generated.swift in Sources */ = {isa = PBXBuildFile; fileRef = ACB8C4CC2B185C19004B64F4 /* R.generated.swift */; };
		ACB8C4D22B185FC2004B64F4 /* Localizable.strings in Resources */ = {isa = PBXBuildFile; fileRef = ACB8C4D42B185FC2004B64F4 /* Localizable.strings */; };
		ACCDD1FE2B1F8E61005A21FC /* Constants.swift in Sources */ = {isa = PBXBuildFile; fileRef = ACCDD1FD2B1F8E61005A21FC /* Constants.swift */; };
		ACCDD2022B206349005A21FC /* TabBar.swift in Sources */ = {isa = PBXBuildFile; fileRef = ACCDD2012B206349005A21FC /* TabBar.swift */; };
		FA5849DE2A949ACD004EF41D /* PullupsTrainingView.swift in Sources */ = {isa = PBXBuildFile; fileRef = FA5849DD2A949ACD004EF41D /* PullupsTrainingView.swift */; };
		FAA22ABB2A9487BD00D138AB /* StreetLifterApp.swift in Sources */ = {isa = PBXBuildFile; fileRef = FAA22ABA2A9487BD00D138AB /* StreetLifterApp.swift */; };
		FAA22ABD2A9487BD00D138AB /* SplashView.swift in Sources */ = {isa = PBXBuildFile; fileRef = FAA22ABC2A9487BD00D138AB /* SplashView.swift */; };
		FAA22ABF2A9487BF00D138AB /* Assets.xcassets in Resources */ = {isa = PBXBuildFile; fileRef = FAA22ABE2A9487BF00D138AB /* Assets.xcassets */; };
		FAA22AC22A9487BF00D138AB /* Preview Assets.xcassets in Resources */ = {isa = PBXBuildFile; fileRef = FAA22AC12A9487BF00D138AB /* Preview Assets.xcassets */; };
		FAF7B6012A962BBA00249317 /* BaseTrainingViewModel.swift in Sources */ = {isa = PBXBuildFile; fileRef = FAF7B6002A962BBA00249317 /* BaseTrainingViewModel.swift */; };
		FAF7B6082A96751900249317 /* BaseTrainingView.swift in Sources */ = {isa = PBXBuildFile; fileRef = FAF7B6072A96751900249317 /* BaseTrainingView.swift */; };
		FAF7B60A2A9679C300249317 /* DipsTrainingView.swift in Sources */ = {isa = PBXBuildFile; fileRef = FAF7B6092A9679C300249317 /* DipsTrainingView.swift */; };
		FAF7B60E2A97400A00249317 /* TrainingViewModelProtocol.swift in Sources */ = {isa = PBXBuildFile; fileRef = FAF7B60D2A97400A00249317 /* TrainingViewModelProtocol.swift */; };
		FAF7B6122A97551C00249317 /* ExerciseTypeProtocol.swift in Sources */ = {isa = PBXBuildFile; fileRef = FAF7B6112A97551C00249317 /* ExerciseTypeProtocol.swift */; };
		FAF7B6142A976C2200249317 /* ExerciseTypeEnum.swift in Sources */ = {isa = PBXBuildFile; fileRef = FAF7B6132A976C2200249317 /* ExerciseTypeEnum.swift */; };
		FAF7B6162A988A9400249317 /* MainChart.swift in Sources */ = {isa = PBXBuildFile; fileRef = FAF7B6152A988A9400249317 /* MainChart.swift */; };
		FAF7B6182A98DA2A00249317 /* TrainingSessionsManager.swift in Sources */ = {isa = PBXBuildFile; fileRef = FAF7B6172A98DA2A00249317 /* TrainingSessionsManager.swift */; };
		FAF7B61A2A9A2C0D00249317 /* TrainingSessionModel.swift in Sources */ = {isa = PBXBuildFile; fileRef = FAF7B6192A9A2C0D00249317 /* TrainingSessionModel.swift */; };
		FAF7B61D2A9A2CD000249317 /* TrainingSessionStorage.swift in Sources */ = {isa = PBXBuildFile; fileRef = FAF7B61C2A9A2CD000249317 /* TrainingSessionStorage.swift */; };
/* End PBXBuildFile section */

/* Begin PBXFileReference section */
		039D711BABADB351AB8F3881 /* Pods_StreetLifter.framework */ = {isa = PBXFileReference; explicitFileType = wrapper.framework; includeInIndex = 0; path = Pods_StreetLifter.framework; sourceTree = BUILT_PRODUCTS_DIR; };
		3AFF1F45337964277926B103 /* Pods-StreetLifter.release.xcconfig */ = {isa = PBXFileReference; includeInIndex = 1; lastKnownFileType = text.xcconfig; name = "Pods-StreetLifter.release.xcconfig"; path = "Target Support Files/Pods-StreetLifter/Pods-StreetLifter.release.xcconfig"; sourceTree = "<group>"; };
		AC1242892B262A46000ED27A /* MainView.swift */ = {isa = PBXFileReference; lastKnownFileType = sourcecode.swift; path = MainView.swift; sourceTree = "<group>"; };
		AC6B89E62B3C37B900169FB3 /* TrainingProgramData.swift */ = {isa = PBXFileReference; lastKnownFileType = sourcecode.swift; path = TrainingProgramData.swift; sourceTree = "<group>"; };
		AC8515A42B3717FC002CFA45 /* ProgramView.swift */ = {isa = PBXFileReference; lastKnownFileType = sourcecode.swift; path = ProgramView.swift; sourceTree = "<group>"; };
		AC8515A62B382A02002CFA45 /* StreakView.swift */ = {isa = PBXFileReference; lastKnownFileType = sourcecode.swift; path = StreakView.swift; sourceTree = "<group>"; };
		AC8B57552B2C406200BADC48 /* StatsView.swift */ = {isa = PBXFileReference; lastKnownFileType = sourcecode.swift; path = StatsView.swift; sourceTree = "<group>"; };
		AC8B57572B2C439500BADC48 /* StatsChart.swift */ = {isa = PBXFileReference; lastKnownFileType = sourcecode.swift; path = StatsChart.swift; sourceTree = "<group>"; };
		AC8B575B2B2C582700BADC48 /* StatsPageTabView.swift */ = {isa = PBXFileReference; lastKnownFileType = sourcecode.swift; path = StatsPageTabView.swift; sourceTree = "<group>"; };
		ACB8C4CC2B185C19004B64F4 /* R.generated.swift */ = {isa = PBXFileReference; fileEncoding = 4; lastKnownFileType = sourcecode.swift; path = R.generated.swift; sourceTree = SOURCE_ROOT; };
		ACB8C4D32B185FC2004B64F4 /* en */ = {isa = PBXFileReference; lastKnownFileType = text.plist.strings; name = en; path = en.lproj/Localizable.strings; sourceTree = "<group>"; };
		ACB8C4D52B185FC5004B64F4 /* ru */ = {isa = PBXFileReference; lastKnownFileType = text.plist.strings; name = ru; path = ru.lproj/Localizable.strings; sourceTree = "<group>"; };
		ACCDD1FD2B1F8E61005A21FC /* Constants.swift */ = {isa = PBXFileReference; lastKnownFileType = sourcecode.swift; path = Constants.swift; sourceTree = "<group>"; };
		ACCDD2012B206349005A21FC /* TabBar.swift */ = {isa = PBXFileReference; lastKnownFileType = sourcecode.swift; path = TabBar.swift; sourceTree = "<group>"; };
		DFA13FFD029671D8F8F889E0 /* Pods-StreetLifter.debug.xcconfig */ = {isa = PBXFileReference; includeInIndex = 1; lastKnownFileType = text.xcconfig; name = "Pods-StreetLifter.debug.xcconfig"; path = "Target Support Files/Pods-StreetLifter/Pods-StreetLifter.debug.xcconfig"; sourceTree = "<group>"; };
		FA5849DD2A949ACD004EF41D /* PullupsTrainingView.swift */ = {isa = PBXFileReference; lastKnownFileType = sourcecode.swift; path = PullupsTrainingView.swift; sourceTree = "<group>"; };
		FAA22AB72A9487BD00D138AB /* StreetLifter.app */ = {isa = PBXFileReference; explicitFileType = wrapper.application; includeInIndex = 0; path = StreetLifter.app; sourceTree = BUILT_PRODUCTS_DIR; };
		FAA22ABA2A9487BD00D138AB /* StreetLifterApp.swift */ = {isa = PBXFileReference; lastKnownFileType = sourcecode.swift; path = StreetLifterApp.swift; sourceTree = "<group>"; };
		FAA22ABC2A9487BD00D138AB /* SplashView.swift */ = {isa = PBXFileReference; lastKnownFileType = sourcecode.swift; path = SplashView.swift; sourceTree = "<group>"; };
		FAA22ABE2A9487BF00D138AB /* Assets.xcassets */ = {isa = PBXFileReference; lastKnownFileType = folder.assetcatalog; path = Assets.xcassets; sourceTree = "<group>"; };
		FAA22AC12A9487BF00D138AB /* Preview Assets.xcassets */ = {isa = PBXFileReference; lastKnownFileType = folder.assetcatalog; path = "Preview Assets.xcassets"; sourceTree = "<group>"; };
		FAF7B6002A962BBA00249317 /* BaseTrainingViewModel.swift */ = {isa = PBXFileReference; lastKnownFileType = sourcecode.swift; path = BaseTrainingViewModel.swift; sourceTree = "<group>"; };
		FAF7B6072A96751900249317 /* BaseTrainingView.swift */ = {isa = PBXFileReference; lastKnownFileType = sourcecode.swift; path = BaseTrainingView.swift; sourceTree = "<group>"; };
		FAF7B6092A9679C300249317 /* DipsTrainingView.swift */ = {isa = PBXFileReference; lastKnownFileType = sourcecode.swift; path = DipsTrainingView.swift; sourceTree = "<group>"; };
		FAF7B60D2A97400A00249317 /* TrainingViewModelProtocol.swift */ = {isa = PBXFileReference; lastKnownFileType = sourcecode.swift; path = TrainingViewModelProtocol.swift; sourceTree = "<group>"; };
		FAF7B6112A97551C00249317 /* ExerciseTypeProtocol.swift */ = {isa = PBXFileReference; lastKnownFileType = sourcecode.swift; path = ExerciseTypeProtocol.swift; sourceTree = "<group>"; };
		FAF7B6132A976C2200249317 /* ExerciseTypeEnum.swift */ = {isa = PBXFileReference; lastKnownFileType = sourcecode.swift; path = ExerciseTypeEnum.swift; sourceTree = "<group>"; };
		FAF7B6152A988A9400249317 /* MainChart.swift */ = {isa = PBXFileReference; lastKnownFileType = sourcecode.swift; path = MainChart.swift; sourceTree = "<group>"; };
		FAF7B6172A98DA2A00249317 /* TrainingSessionsManager.swift */ = {isa = PBXFileReference; lastKnownFileType = sourcecode.swift; path = TrainingSessionsManager.swift; sourceTree = "<group>"; };
		FAF7B6192A9A2C0D00249317 /* TrainingSessionModel.swift */ = {isa = PBXFileReference; lastKnownFileType = sourcecode.swift; path = TrainingSessionModel.swift; sourceTree = "<group>"; };
		FAF7B61C2A9A2CD000249317 /* TrainingSessionStorage.swift */ = {isa = PBXFileReference; lastKnownFileType = sourcecode.swift; path = TrainingSessionStorage.swift; sourceTree = "<group>"; };
/* End PBXFileReference section */

/* Begin PBXFrameworksBuildPhase section */
		FAA22AB42A9487BD00D138AB /* Frameworks */ = {
			isa = PBXFrameworksBuildPhase;
			buildActionMask = 2147483647;
			files = (
				4B3C6075CBBE088A652052A5 /* Pods_StreetLifter.framework in Frameworks */,
			);
			runOnlyForDeploymentPostprocessing = 0;
		};
/* End PBXFrameworksBuildPhase section */

/* Begin PBXGroup section */
		79F35073D13E917DE89889F6 /* Frameworks */ = {
			isa = PBXGroup;
			children = (
				039D711BABADB351AB8F3881 /* Pods_StreetLifter.framework */,
			);
			name = Frameworks;
			sourceTree = "<group>";
		};
		AD079395901922C4A5C979AA /* Pods */ = {
			isa = PBXGroup;
			children = (
				DFA13FFD029671D8F8F889E0 /* Pods-StreetLifter.debug.xcconfig */,
				3AFF1F45337964277926B103 /* Pods-StreetLifter.release.xcconfig */,
			);
			path = Pods;
			sourceTree = "<group>";
		};
		FAA22AAE2A9487BD00D138AB = {
			isa = PBXGroup;
			children = (
				FAA22AB92A9487BD00D138AB /* StreetLifter */,
				FAA22AB82A9487BD00D138AB /* Products */,
				AD079395901922C4A5C979AA /* Pods */,
				79F35073D13E917DE89889F6 /* Frameworks */,
			);
			sourceTree = "<group>";
		};
		FAA22AB82A9487BD00D138AB /* Products */ = {
			isa = PBXGroup;
			children = (
				FAA22AB72A9487BD00D138AB /* StreetLifter.app */,
			);
			name = Products;
			sourceTree = "<group>";
		};
		FAA22AB92A9487BD00D138AB /* StreetLifter */ = {
			isa = PBXGroup;
			children = (
				ACB8C4D42B185FC2004B64F4 /* Localizable.strings */,
				ACB8C4CC2B185C19004B64F4 /* R.generated.swift */,
				FAF7B61B2A9A2C5A00249317 /* Models */,
				FAF7B6062A9656E900249317 /* Views */,
				FAF7B6052A9656D700249317 /* Base */,
				FAF7B6042A9656C000249317 /* ViewModels */,
				FAF7B6102A974C1E00249317 /* Protocols */,
				FAA22AC02A9487BF00D138AB /* Preview Content */,
				FAA22ABA2A9487BD00D138AB /* StreetLifterApp.swift */,
			);
			path = StreetLifter;
			sourceTree = "<group>";
		};
		FAA22AC02A9487BF00D138AB /* Preview Content */ = {
			isa = PBXGroup;
			children = (
				FAA22AC12A9487BF00D138AB /* Preview Assets.xcassets */,
				FAA22ABE2A9487BF00D138AB /* Assets.xcassets */,
			);
			path = "Preview Content";
			sourceTree = "<group>";
		};
		FAF7B6042A9656C000249317 /* ViewModels */ = {
			isa = PBXGroup;
			children = (
				FAF7B6132A976C2200249317 /* ExerciseTypeEnum.swift */,
				FAF7B6172A98DA2A00249317 /* TrainingSessionsManager.swift */,
			);
			path = ViewModels;
			sourceTree = "<group>";
		};
		FAF7B6052A9656D700249317 /* Base */ = {
			isa = PBXGroup;
			children = (
				FAF7B6072A96751900249317 /* BaseTrainingView.swift */,
				FAF7B6002A962BBA00249317 /* BaseTrainingViewModel.swift */,
			);
			path = Base;
			sourceTree = "<group>";
		};
		FAF7B6062A9656E900249317 /* Views */ = {
			isa = PBXGroup;
			children = (
				FAF7B60F2A974C0D00249317 /* Splash */,
				FAF7B6152A988A9400249317 /* MainChart.swift */,
				AC1242892B262A46000ED27A /* MainView.swift */,
				AC8515A62B382A02002CFA45 /* StreakView.swift */,
				AC8515A42B3717FC002CFA45 /* ProgramView.swift */,
				AC8B575B2B2C582700BADC48 /* StatsPageTabView.swift */,
				ACCDD2012B206349005A21FC /* TabBar.swift */,
				ACCDD1FD2B1F8E61005A21FC /* Constants.swift */,
				FA5849DD2A949ACD004EF41D /* PullupsTrainingView.swift */,
				FAF7B6092A9679C300249317 /* DipsTrainingView.swift */,
				AC8B57552B2C406200BADC48 /* StatsView.swift */,
				AC8B57572B2C439500BADC48 /* StatsChart.swift */,
			);
			path = Views;
			sourceTree = "<group>";
		};
		FAF7B60F2A974C0D00249317 /* Splash */ = {
			isa = PBXGroup;
			children = (
				FAA22ABC2A9487BD00D138AB /* SplashView.swift */,
			);
			path = Splash;
			sourceTree = "<group>";
		};
		FAF7B6102A974C1E00249317 /* Protocols */ = {
			isa = PBXGroup;
			children = (
				FAF7B60D2A97400A00249317 /* TrainingViewModelProtocol.swift */,
				FAF7B6112A97551C00249317 /* ExerciseTypeProtocol.swift */,
			);
			path = Protocols;
			sourceTree = "<group>";
		};
		FAF7B61B2A9A2C5A00249317 /* Models */ = {
			isa = PBXGroup;
			children = (
				FAF7B6192A9A2C0D00249317 /* TrainingSessionModel.swift */,
				AC6B89E62B3C37B900169FB3 /* TrainingProgramData.swift */,
				FAF7B61C2A9A2CD000249317 /* TrainingSessionStorage.swift */,
			);
			path = Models;
			sourceTree = "<group>";
		};
/* End PBXGroup section */

/* Begin PBXNativeTarget section */
		FAA22AB62A9487BD00D138AB /* StreetLifter */ = {
			isa = PBXNativeTarget;
			buildConfigurationList = FAA22AC52A9487BF00D138AB /* Build configuration list for PBXNativeTarget "StreetLifter" */;
			buildPhases = (
				2205D09A4835BE5A777C4402 /* [CP] Check Pods Manifest.lock */,
				ACB8C4CB2B1859BD004B64F4 /* ShellScript */,
				FAA22AB32A9487BD00D138AB /* Sources */,
				FAA22AB42A9487BD00D138AB /* Frameworks */,
				FAA22AB52A9487BD00D138AB /* Resources */,
				CCEF345F650DBAA0E12B40A3 /* [CP] Embed Pods Frameworks */,
			);
			buildRules = (
			);
			dependencies = (
			);
			name = StreetLifter;
			productName = StreetLifter;
			productReference = FAA22AB72A9487BD00D138AB /* StreetLifter.app */;
			productType = "com.apple.product-type.application";
		};
/* End PBXNativeTarget section */

/* Begin PBXProject section */
		FAA22AAF2A9487BD00D138AB /* Project object */ = {
			isa = PBXProject;
			attributes = {
				BuildIndependentTargetsInParallel = 1;
				LastSwiftUpdateCheck = 1430;
				LastUpgradeCheck = 1430;
				TargetAttributes = {
					FAA22AB62A9487BD00D138AB = {
						CreatedOnToolsVersion = 14.3.1;
					};
				};
			};
			buildConfigurationList = FAA22AB22A9487BD00D138AB /* Build configuration list for PBXProject "StreetLifter" */;
			compatibilityVersion = "Xcode 14.0";
			developmentRegion = en;
			hasScannedForEncodings = 0;
			knownRegions = (
				en,
				Base,
				ru,
			);
			mainGroup = FAA22AAE2A9487BD00D138AB;
			productRefGroup = FAA22AB82A9487BD00D138AB /* Products */;
			projectDirPath = "";
			projectRoot = "";
			targets = (
				FAA22AB62A9487BD00D138AB /* StreetLifter */,
			);
		};
/* End PBXProject section */

/* Begin PBXResourcesBuildPhase section */
		FAA22AB52A9487BD00D138AB /* Resources */ = {
			isa = PBXResourcesBuildPhase;
			buildActionMask = 2147483647;
			files = (
				FAA22AC22A9487BF00D138AB /* Preview Assets.xcassets in Resources */,
				ACB8C4D22B185FC2004B64F4 /* Localizable.strings in Resources */,
				FAA22ABF2A9487BF00D138AB /* Assets.xcassets in Resources */,
			);
			runOnlyForDeploymentPostprocessing = 0;
		};
/* End PBXResourcesBuildPhase section */

/* Begin PBXShellScriptBuildPhase section */
		2205D09A4835BE5A777C4402 /* [CP] Check Pods Manifest.lock */ = {
			isa = PBXShellScriptBuildPhase;
			buildActionMask = 2147483647;
			files = (
			);
			inputFileListPaths = (
			);
			inputPaths = (
				"${PODS_PODFILE_DIR_PATH}/Podfile.lock",
				"${PODS_ROOT}/Manifest.lock",
			);
			name = "[CP] Check Pods Manifest.lock";
			outputFileListPaths = (
			);
			outputPaths = (
				"$(DERIVED_FILE_DIR)/Pods-StreetLifter-checkManifestLockResult.txt",
			);
			runOnlyForDeploymentPostprocessing = 0;
			shellPath = /bin/sh;
			shellScript = "diff \"${PODS_PODFILE_DIR_PATH}/Podfile.lock\" \"${PODS_ROOT}/Manifest.lock\" > /dev/null\nif [ $? != 0 ] ; then\n    # print error to STDERR\n    echo \"error: The sandbox is not in sync with the Podfile.lock. Run 'pod install' or update your CocoaPods installation.\" >&2\n    exit 1\nfi\n# This output is used by Xcode 'outputs' to avoid re-running this script phase.\necho \"SUCCESS\" > \"${SCRIPT_OUTPUT_FILE_0}\"\n";
			showEnvVarsInLog = 0;
		};
		ACB8C4CB2B1859BD004B64F4 /* ShellScript */ = {
			isa = PBXShellScriptBuildPhase;
			alwaysOutOfDate = 1;
			buildActionMask = 2147483647;
			files = (
			);
			inputFileListPaths = (
			);
			inputPaths = (
			);
			outputFileListPaths = (
			);
			outputPaths = (
				$SRCROOT/R.generated.swift,
			);
			runOnlyForDeploymentPostprocessing = 0;
			shellPath = /bin/sh;
			shellScript = "\n\"$PODS_ROOT/R.swift/rswift\" generate \"$SRCROOT/R.generated.swift\"\n";
		};
		CCEF345F650DBAA0E12B40A3 /* [CP] Embed Pods Frameworks */ = {
			isa = PBXShellScriptBuildPhase;
			buildActionMask = 2147483647;
			files = (
			);
			inputFileListPaths = (
				"${PODS_ROOT}/Target Support Files/Pods-StreetLifter/Pods-StreetLifter-frameworks-${CONFIGURATION}-input-files.xcfilelist",
			);
			name = "[CP] Embed Pods Frameworks";
			outputFileListPaths = (
				"${PODS_ROOT}/Target Support Files/Pods-StreetLifter/Pods-StreetLifter-frameworks-${CONFIGURATION}-output-files.xcfilelist",
			);
			runOnlyForDeploymentPostprocessing = 0;
			shellPath = /bin/sh;
			shellScript = "\"${PODS_ROOT}/Target Support Files/Pods-StreetLifter/Pods-StreetLifter-frameworks.sh\"\n";
			showEnvVarsInLog = 0;
		};
/* End PBXShellScriptBuildPhase section */

/* Begin PBXSourcesBuildPhase section */
		FAA22AB32A9487BD00D138AB /* Sources */ = {
			isa = PBXSourcesBuildPhase;
			buildActionMask = 2147483647;
			files = (
				FA5849DE2A949ACD004EF41D /* PullupsTrainingView.swift in Sources */,
				FAF7B60A2A9679C300249317 /* DipsTrainingView.swift in Sources */,
				FAF7B6142A976C2200249317 /* ExerciseTypeEnum.swift in Sources */,
				FAF7B6012A962BBA00249317 /* BaseTrainingViewModel.swift in Sources */,
				AC6B89E72B3C37B900169FB3 /* TrainingProgramData.swift in Sources */,
				AC8515A72B382A02002CFA45 /* StreakView.swift in Sources */,
				FAF7B6122A97551C00249317 /* ExerciseTypeProtocol.swift in Sources */,
				ACB8C4CD2B185C19004B64F4 /* R.generated.swift in Sources */,
				FAF7B60E2A97400A00249317 /* TrainingViewModelProtocol.swift in Sources */,
				AC8B57582B2C439500BADC48 /* StatsChart.swift in Sources */,
				AC8B57562B2C406200BADC48 /* StatsView.swift in Sources */,
				FAA22ABD2A9487BD00D138AB /* SplashView.swift in Sources */,
				FAA22ABB2A9487BD00D138AB /* StreetLifterApp.swift in Sources */,
				FAF7B61A2A9A2C0D00249317 /* TrainingSessionModel.swift in Sources */,
				ACCDD1FE2B1F8E61005A21FC /* Constants.swift in Sources */,
				FAF7B6182A98DA2A00249317 /* TrainingSessionsManager.swift in Sources */,
				FAF7B6162A988A9400249317 /* MainChart.swift in Sources */,
				FAF7B6082A96751900249317 /* BaseTrainingView.swift in Sources */,
				AC12428A2B262A46000ED27A /* MainView.swift in Sources */,
				FAF7B61D2A9A2CD000249317 /* TrainingSessionStorage.swift in Sources */,
				ACCDD2022B206349005A21FC /* TabBar.swift in Sources */,
				AC8515A52B3717FC002CFA45 /* ProgramView.swift in Sources */,
				AC8B575C2B2C582700BADC48 /* StatsPageTabView.swift in Sources */,
			);
			runOnlyForDeploymentPostprocessing = 0;
		};
/* End PBXSourcesBuildPhase section */

/* Begin PBXVariantGroup section */
		ACB8C4D42B185FC2004B64F4 /* Localizable.strings */ = {
			isa = PBXVariantGroup;
			children = (
				ACB8C4D32B185FC2004B64F4 /* en */,
				ACB8C4D52B185FC5004B64F4 /* ru */,
			);
			name = Localizable.strings;
			sourceTree = "<group>";
		};
/* End PBXVariantGroup section */

/* Begin XCBuildConfiguration section */
		FAA22AC32A9487BF00D138AB /* Debug */ = {
			isa = XCBuildConfiguration;
			buildSettings = {
				ALWAYS_SEARCH_USER_PATHS = NO;
				CLANG_ANALYZER_NONNULL = YES;
				CLANG_ANALYZER_NUMBER_OBJECT_CONVERSION = YES_AGGRESSIVE;
				CLANG_CXX_LANGUAGE_STANDARD = "gnu++20";
				CLANG_ENABLE_MODULES = YES;
				CLANG_ENABLE_OBJC_ARC = YES;
				CLANG_ENABLE_OBJC_WEAK = YES;
				CLANG_WARN_BLOCK_CAPTURE_AUTORELEASING = YES;
				CLANG_WARN_BOOL_CONVERSION = YES;
				CLANG_WARN_COMMA = YES;
				CLANG_WARN_CONSTANT_CONVERSION = YES;
				CLANG_WARN_DEPRECATED_OBJC_IMPLEMENTATIONS = YES;
				CLANG_WARN_DIRECT_OBJC_ISA_USAGE = YES_ERROR;
				CLANG_WARN_DOCUMENTATION_COMMENTS = YES;
				CLANG_WARN_EMPTY_BODY = YES;
				CLANG_WARN_ENUM_CONVERSION = YES;
				CLANG_WARN_INFINITE_RECURSION = YES;
				CLANG_WARN_INT_CONVERSION = YES;
				CLANG_WARN_NON_LITERAL_NULL_CONVERSION = YES;
				CLANG_WARN_OBJC_IMPLICIT_RETAIN_SELF = YES;
				CLANG_WARN_OBJC_LITERAL_CONVERSION = YES;
				CLANG_WARN_OBJC_ROOT_CLASS = YES_ERROR;
				CLANG_WARN_QUOTED_INCLUDE_IN_FRAMEWORK_HEADER = YES;
				CLANG_WARN_RANGE_LOOP_ANALYSIS = YES;
				CLANG_WARN_STRICT_PROTOTYPES = YES;
				CLANG_WARN_SUSPICIOUS_MOVE = YES;
				CLANG_WARN_UNGUARDED_AVAILABILITY = YES_AGGRESSIVE;
				CLANG_WARN_UNREACHABLE_CODE = YES;
				CLANG_WARN__DUPLICATE_METHOD_MATCH = YES;
				COPY_PHASE_STRIP = NO;
				DEBUG_INFORMATION_FORMAT = dwarf;
				ENABLE_STRICT_OBJC_MSGSEND = YES;
				ENABLE_TESTABILITY = YES;
				GCC_C_LANGUAGE_STANDARD = gnu11;
				GCC_DYNAMIC_NO_PIC = NO;
				GCC_NO_COMMON_BLOCKS = YES;
				GCC_OPTIMIZATION_LEVEL = 0;
				GCC_PREPROCESSOR_DEFINITIONS = (
					"DEBUG=1",
					"$(inherited)",
				);
				GCC_WARN_64_TO_32_BIT_CONVERSION = YES;
				GCC_WARN_ABOUT_RETURN_TYPE = YES_ERROR;
				GCC_WARN_UNDECLARED_SELECTOR = YES;
				GCC_WARN_UNINITIALIZED_AUTOS = YES_AGGRESSIVE;
				GCC_WARN_UNUSED_FUNCTION = YES;
				GCC_WARN_UNUSED_VARIABLE = YES;
				IPHONEOS_DEPLOYMENT_TARGET = 17.0;
				MTL_ENABLE_DEBUG_INFO = INCLUDE_SOURCE;
				MTL_FAST_MATH = YES;
				ONLY_ACTIVE_ARCH = YES;
				SDKROOT = iphoneos;
				SWIFT_ACTIVE_COMPILATION_CONDITIONS = DEBUG;
				SWIFT_OPTIMIZATION_LEVEL = "-Onone";
			};
			name = Debug;
		};
		FAA22AC42A9487BF00D138AB /* Release */ = {
			isa = XCBuildConfiguration;
			buildSettings = {
				ALWAYS_SEARCH_USER_PATHS = NO;
				CLANG_ANALYZER_NONNULL = YES;
				CLANG_ANALYZER_NUMBER_OBJECT_CONVERSION = YES_AGGRESSIVE;
				CLANG_CXX_LANGUAGE_STANDARD = "gnu++20";
				CLANG_ENABLE_MODULES = YES;
				CLANG_ENABLE_OBJC_ARC = YES;
				CLANG_ENABLE_OBJC_WEAK = YES;
				CLANG_WARN_BLOCK_CAPTURE_AUTORELEASING = YES;
				CLANG_WARN_BOOL_CONVERSION = YES;
				CLANG_WARN_COMMA = YES;
				CLANG_WARN_CONSTANT_CONVERSION = YES;
				CLANG_WARN_DEPRECATED_OBJC_IMPLEMENTATIONS = YES;
				CLANG_WARN_DIRECT_OBJC_ISA_USAGE = YES_ERROR;
				CLANG_WARN_DOCUMENTATION_COMMENTS = YES;
				CLANG_WARN_EMPTY_BODY = YES;
				CLANG_WARN_ENUM_CONVERSION = YES;
				CLANG_WARN_INFINITE_RECURSION = YES;
				CLANG_WARN_INT_CONVERSION = YES;
				CLANG_WARN_NON_LITERAL_NULL_CONVERSION = YES;
				CLANG_WARN_OBJC_IMPLICIT_RETAIN_SELF = YES;
				CLANG_WARN_OBJC_LITERAL_CONVERSION = YES;
				CLANG_WARN_OBJC_ROOT_CLASS = YES_ERROR;
				CLANG_WARN_QUOTED_INCLUDE_IN_FRAMEWORK_HEADER = YES;
				CLANG_WARN_RANGE_LOOP_ANALYSIS = YES;
				CLANG_WARN_STRICT_PROTOTYPES = YES;
				CLANG_WARN_SUSPICIOUS_MOVE = YES;
				CLANG_WARN_UNGUARDED_AVAILABILITY = YES_AGGRESSIVE;
				CLANG_WARN_UNREACHABLE_CODE = YES;
				CLANG_WARN__DUPLICATE_METHOD_MATCH = YES;
				COPY_PHASE_STRIP = NO;
				DEBUG_INFORMATION_FORMAT = "dwarf-with-dsym";
				ENABLE_NS_ASSERTIONS = NO;
				ENABLE_STRICT_OBJC_MSGSEND = YES;
				GCC_C_LANGUAGE_STANDARD = gnu11;
				GCC_NO_COMMON_BLOCKS = YES;
				GCC_WARN_64_TO_32_BIT_CONVERSION = YES;
				GCC_WARN_ABOUT_RETURN_TYPE = YES_ERROR;
				GCC_WARN_UNDECLARED_SELECTOR = YES;
				GCC_WARN_UNINITIALIZED_AUTOS = YES_AGGRESSIVE;
				GCC_WARN_UNUSED_FUNCTION = YES;
				GCC_WARN_UNUSED_VARIABLE = YES;
				IPHONEOS_DEPLOYMENT_TARGET = 17.0;
				MTL_ENABLE_DEBUG_INFO = NO;
				MTL_FAST_MATH = YES;
				SDKROOT = iphoneos;
				SWIFT_COMPILATION_MODE = wholemodule;
				SWIFT_OPTIMIZATION_LEVEL = "-O";
				VALIDATE_PRODUCT = YES;
			};
			name = Release;
		};
		FAA22AC62A9487BF00D138AB /* Debug */ = {
			isa = XCBuildConfiguration;
			baseConfigurationReference = DFA13FFD029671D8F8F889E0 /* Pods-StreetLifter.debug.xcconfig */;
			buildSettings = {
				ASSETCATALOG_COMPILER_APPICON_NAME = AppIcon;
				ASSETCATALOG_COMPILER_GLOBAL_ACCENT_COLOR_NAME = AccentColor;
				CODE_SIGN_STYLE = Automatic;
				CURRENT_PROJECT_VERSION = 1;
				DEVELOPMENT_ASSET_PATHS = "\"StreetLifter/Preview Content\"";
				DEVELOPMENT_TEAM = 9Z89GNZYVP;
				ENABLE_PREVIEWS = YES;
				GENERATE_INFOPLIST_FILE = YES;
				INFOPLIST_KEY_UIApplicationSceneManifest_Generation = YES;
				INFOPLIST_KEY_UIApplicationSupportsIndirectInputEvents = YES;
				INFOPLIST_KEY_UILaunchScreen_Generation = YES;
				INFOPLIST_KEY_UISupportedInterfaceOrientations_iPad = "UIInterfaceOrientationPortrait UIInterfaceOrientationPortraitUpsideDown UIInterfaceOrientationLandscapeLeft UIInterfaceOrientationLandscapeRight";
				INFOPLIST_KEY_UISupportedInterfaceOrientations_iPhone = "UIInterfaceOrientationPortrait UIInterfaceOrientationLandscapeLeft UIInterfaceOrientationLandscapeRight";
				LD_RUNPATH_SEARCH_PATHS = (
					"$(inherited)",
					"@executable_path/Frameworks",
				);
				MARKETING_VERSION = 1.0;
				PRODUCT_BUNDLE_IDENTIFIER = "-.StreetLifter";
				PRODUCT_NAME = "$(TARGET_NAME)";
				SWIFT_EMIT_LOC_STRINGS = YES;
				SWIFT_VERSION = 5.0;
				TARGETED_DEVICE_FAMILY = "1,2";
			};
			name = Debug;
		};
		FAA22AC72A9487BF00D138AB /* Release */ = {
			isa = XCBuildConfiguration;
			baseConfigurationReference = 3AFF1F45337964277926B103 /* Pods-StreetLifter.release.xcconfig */;
			buildSettings = {
				ASSETCATALOG_COMPILER_APPICON_NAME = AppIcon;
				ASSETCATALOG_COMPILER_GLOBAL_ACCENT_COLOR_NAME = AccentColor;
				CODE_SIGN_STYLE = Automatic;
				CURRENT_PROJECT_VERSION = 1;
				DEVELOPMENT_ASSET_PATHS = "\"StreetLifter/Preview Content\"";
				DEVELOPMENT_TEAM = 9Z89GNZYVP;
				ENABLE_PREVIEWS = YES;
				GENERATE_INFOPLIST_FILE = YES;
				INFOPLIST_KEY_UIApplicationSceneManifest_Generation = YES;
				INFOPLIST_KEY_UIApplicationSupportsIndirectInputEvents = YES;
				INFOPLIST_KEY_UILaunchScreen_Generation = YES;
				INFOPLIST_KEY_UISupportedInterfaceOrientations_iPad = "UIInterfaceOrientationPortrait UIInterfaceOrientationPortraitUpsideDown UIInterfaceOrientationLandscapeLeft UIInterfaceOrientationLandscapeRight";
				INFOPLIST_KEY_UISupportedInterfaceOrientations_iPhone = "UIInterfaceOrientationPortrait UIInterfaceOrientationLandscapeLeft UIInterfaceOrientationLandscapeRight";
				LD_RUNPATH_SEARCH_PATHS = (
					"$(inherited)",
					"@executable_path/Frameworks",
				);
				MARKETING_VERSION = 1.0;
				PRODUCT_BUNDLE_IDENTIFIER = "-.StreetLifter";
				PRODUCT_NAME = "$(TARGET_NAME)";
				SWIFT_EMIT_LOC_STRINGS = YES;
				SWIFT_VERSION = 5.0;
				TARGETED_DEVICE_FAMILY = "1,2";
			};
			name = Release;
		};
/* End XCBuildConfiguration section */

/* Begin XCConfigurationList section */
		FAA22AB22A9487BD00D138AB /* Build configuration list for PBXProject "StreetLifter" */ = {
			isa = XCConfigurationList;
			buildConfigurations = (
				FAA22AC32A9487BF00D138AB /* Debug */,
				FAA22AC42A9487BF00D138AB /* Release */,
			);
			defaultConfigurationIsVisible = 0;
			defaultConfigurationName = Release;
		};
		FAA22AC52A9487BF00D138AB /* Build configuration list for PBXNativeTarget "StreetLifter" */ = {
			isa = XCConfigurationList;
			buildConfigurations = (
				FAA22AC62A9487BF00D138AB /* Debug */,
				FAA22AC72A9487BF00D138AB /* Release */,
			);
			defaultConfigurationIsVisible = 0;
			defaultConfigurationName = Release;
		};
/* End XCConfigurationList section */
	};
	rootObject = FAA22AAF2A9487BD00D138AB /* Project object */;
}
